
Microsoft Visual Studio Solution File, Format Version 12.00
# Visual Studio 15
VisualStudioVersion = 15.0.27703.2026
MinimumVisualStudioVersion = 10.0.40219.1
Project("{2150E333-8FDC-42A3-9474-1A3956D46DE8}") = "Scenarios", "Scenarios", "{EEF1A345-88E8-4E13-AD17-E760BA7DEB6A}"
EndProject
Project("{FAE04EC0-301F-11D3-BF4B-00C04F79EFBC}") = "KrugerNationalParkBox", "KrugerNationalParkBox\KrugerNationalParkBox.csproj", "{844C76CD-6EE0-4264-A26C-A2445B912E5E}"
EndProject
Project("{FAE04EC0-301F-11D3-BF4B-00C04F79EFBC}") = "KrugerNationalPark", "KrugerNationalPark\KrugerNationalPark.csproj", "{9496957D-31EB-4F12-A810-1705992BF568}"
EndProject
Global
	GlobalSection(SolutionConfigurationPlatforms) = preSolution
		Debug|Any CPU = Debug|Any CPU
		Release|Any CPU = Release|Any CPU
		Full|Any CPU = Full|Any CPU
	EndGlobalSection
	GlobalSection(ProjectConfigurationPlatforms) = postSolution
		{844C76CD-6EE0-4264-A26C-A2445B912E5E}.Debug|Any CPU.ActiveCfg = Debug|Any CPU
		{844C76CD-6EE0-4264-A26C-A2445B912E5E}.Debug|Any CPU.Build.0 = Debug|Any CPU
		{844C76CD-6EE0-4264-A26C-A2445B912E5E}.Release|Any CPU.ActiveCfg = Release|Any CPU
		{844C76CD-6EE0-4264-A26C-A2445B912E5E}.Release|Any CPU.Build.0 = Release|Any CPU
		{844C76CD-6EE0-4264-A26C-A2445B912E5E}.Full|Any CPU.ActiveCfg = Debug|Any CPU
		{844C76CD-6EE0-4264-A26C-A2445B912E5E}.Full|Any CPU.Build.0 = Debug|Any CPU
		{9496957D-31EB-4F12-A810-1705992BF568}.Debug|Any CPU.ActiveCfg = Debug|Any CPU
		{9496957D-31EB-4F12-A810-1705992BF568}.Debug|Any CPU.Build.0 = Debug|Any CPU
		{9496957D-31EB-4F12-A810-1705992BF568}.Release|Any CPU.ActiveCfg = Release|Any CPU
		{9496957D-31EB-4F12-A810-1705992BF568}.Release|Any CPU.Build.0 = Release|Any CPU
		{9496957D-31EB-4F12-A810-1705992BF568}.Full|Any CPU.ActiveCfg = Debug|Any CPU
		{9496957D-31EB-4F12-A810-1705992BF568}.Full|Any CPU.Build.0 = Debug|Any CPU
	EndGlobalSection
	GlobalSection(SolutionProperties) = preSolution
		HideSolutionNode = FALSE
	EndGlobalSection
	GlobalSection(NestedProjects) = preSolution
		{844C76CD-6EE0-4264-A26C-A2445B912E5E} = {EEF1A345-88E8-4E13-AD17-E760BA7DEB6A}
	EndGlobalSection
	GlobalSection(ExtensibilityGlobals) = postSolution
		SolutionGuid = {C4F712B8-6C5C-4036-87BE-AFF59ACFC99C}
	EndGlobalSection
EndGlobal
